
Microsoft Visual Studio Solution File, Format Version 12.00
# Visual Studio Version 17
VisualStudioVersion = 17.13.35931.197 d17.13
MinimumVisualStudioVersion = 10.0.40219.1
Project("{FAE04EC0-301F-11D3-BF4B-00C04F79EFBC}") = "WpfApp1", "WpfApp1.csproj", "{F6CABF27-95B1-4187-AFEC-BADB9B9E1762}"
EndProject
Global
	GlobalSection(SolutionConfigurationPlatforms) = preSolution
		Debug|Any CPU = Debug|Any CPU
		Release|Any CPU = Release|Any CPU
	EndGlobalSection
	GlobalSection(ProjectConfigurationPlatforms) = postSolution
		{F6CABF27-95B1-4187-AFEC-BADB9B9E1762}.Debug|Any CPU.ActiveCfg = Debug|Any CPU
		{F6CABF27-95B1-4187-AFEC-BADB9B9E1762}.Debug|Any CPU.Build.0 = Debug|Any CPU
		{F6CABF27-95B1-4187-AFEC-BADB9B9E1762}.Release|Any CPU.ActiveCfg = Release|Any CPU
		{F6CABF27-95B1-4187-AFEC-BADB9B9E1762}.Release|Any CPU.Build.0 = Release|Any CPU
	EndGlobalSection
	GlobalSection(SolutionProperties) = preSolution
		HideSolutionNode = FALSE
	EndGlobalSection
	GlobalSection(ExtensibilityGlobals) = postSolution
		SolutionGuid = {25E4B3CA-9D8B-41A2-AD22-BD6D56E25777}
	EndGlobalSection
EndGlobal
